
Microsoft Visual Studio Solution File, Format Version 9.00
# Visual Studio 2005
Project("{8BC9CEB8-8B4A-11D0-8D11-00A0C91BC942}") = "RakNetWrapper", "RakNetWrapper\RakNetWrapper.vcproj", "{0720617B-A599-4B72-9C7E-03A7A39ED774}"
EndProject
Project("{8BC9CEB8-8B4A-11D0-8D11-00A0C91BC942}") = "LibStatic", "RakNet30Beta\Lib\LibStatic\LibStatic_vc8.vcproj", "{6533BDAE-0F0C-45E4-8FE7-ADD0F37FE063}"
EndProject
Project("{FAE04EC0-301F-11D3-BF4B-00C04F79EFBC}") = "RakNetDotNet", "RakNetDotNet\RakNetDotNet.csproj", "{F078BA68-B214-46E7-AB72-F3B99DF589B2}"
	ProjectSection(ProjectDependencies) = postProject
		{0720617B-A599-4B72-9C7E-03A7A39ED774} = {0720617B-A599-4B72-9C7E-03A7A39ED774}
	EndProjectSection
EndProject
Project("{FAE04EC0-301F-11D3-BF4B-00C04F79EFBC}") = "ReplicaManagerCS", "Samples\ReplicaManagerCS\ReplicaManagerCS.csproj", "{61AB0487-E5D5-4AB1-AC29-E6174E4FC409}"
EndProject
Project("{2150E333-8FDC-42A3-9474-1A3956D46DE8}") = "Samples", "Samples", "{B40BCFE5-9B62-463B-B211-E19B5011EDE1}"
EndProject
Project("{FAE04EC0-301F-11D3-BF4B-00C04F79EFBC}") = "CommandConsoleServer", "Samples\CommandConsoleServer\CommandConsoleServer.csproj", "{856118C7-5EAE-42E5-9797-7963AF08EC26}"
EndProject
Project("{FAE04EC0-301F-11D3-BF4B-00C04F79EFBC}") = "ObjectMemberRPC", "Samples\ObjectMemberRPC\ObjectMemberRPC.csproj", "{10B47480-82FA-474A-A709-48B4C54A78E8}"
EndProject
Project("{FAE04EC0-301F-11D3-BF4B-00C04F79EFBC}") = "BitStream", "Samples\BitStream\BitStream.csproj", "{6AE17514-ADBB-4DE3-86CB-0D2F49B5B9D1}"
EndProject
Project("{FAE04EC0-301F-11D3-BF4B-00C04F79EFBC}") = "StressTest", "Samples\StressTest\StressTest.csproj", "{3B56908A-E9DD-4242-97AE-6CC2A137BA75}"
EndProject
Project("{FAE04EC0-301F-11D3-BF4B-00C04F79EFBC}") = "LightweightDatabase", "Samples\LightweightDatabase\LightweightDatabase.csproj", "{A198123C-1623-40DE-9899-A43FED2B76E1}"
EndProject
Project("{FAE04EC0-301F-11D3-BF4B-00C04F79EFBC}") = "LANServerDiscovery", "Samples\LANServerDiscovery\LANServerDiscovery.csproj", "{1EF9AA24-F8F7-4C97-BFE0-7F201063BDBF}"
EndProject
Project("{FAE04EC0-301F-11D3-BF4B-00C04F79EFBC}") = "LoopbackPerformanceTest", "Samples\LoopbackPerformanceTest\LoopbackPerformanceTest.csproj", "{005DF0E2-2767-4748-8FFF-9A6A992AFA4B}"
EndProject
Project("{2150E333-8FDC-42A3-9474-1A3956D46DE8}") = "Experimental", "Experimental", "{87927BEA-89A6-448F-BDD9-6094FEF4F723}"
EndProject
Project("{FAE04EC0-301F-11D3-BF4B-00C04F79EFBC}") = "EventSystem", "Experimental\EventSystem\EventSystem.csproj", "{58C036E6-FAA1-4FA5-8D20-C2B8147A564E}"
	ProjectSection(ProjectDependencies) = postProject
		{36D7BF78-2B15-4FA5-8309-5A1FA1D2E1E9} = {36D7BF78-2B15-4FA5-8309-5A1FA1D2E1E9}
	EndProjectSection
EndProject
Project("{FAE04EC0-301F-11D3-BF4B-00C04F79EFBC}") = "ProtocolGenerator", "Experimental\ProtocolGenerator\ProtocolGenerator.csproj", "{36D7BF78-2B15-4FA5-8309-5A1FA1D2E1E9}"
EndProject
Global
	GlobalSection(SolutionConfigurationPlatforms) = preSolution
		Debug|Any CPU = Debug|Any CPU
		Debug|Mixed Platforms = Debug|Mixed Platforms
		Debug|Win32 = Debug|Win32
		Release|Any CPU = Release|Any CPU
		Release|Mixed Platforms = Release|Mixed Platforms
		Release|Win32 = Release|Win32
	EndGlobalSection
	GlobalSection(ProjectConfigurationPlatforms) = postSolution
		{0720617B-A599-4B72-9C7E-03A7A39ED774}.Debug|Any CPU.ActiveCfg = Debug|Win32
		{0720617B-A599-4B72-9C7E-03A7A39ED774}.Debug|Mixed Platforms.ActiveCfg = Debug|Win32
		{0720617B-A599-4B72-9C7E-03A7A39ED774}.Debug|Mixed Platforms.Build.0 = Debug|Win32
		{0720617B-A599-4B72-9C7E-03A7A39ED774}.Debug|Win32.ActiveCfg = Debug|Win32
		{0720617B-A599-4B72-9C7E-03A7A39ED774}.Debug|Win32.Build.0 = Debug|Win32
		{0720617B-A599-4B72-9C7E-03A7A39ED774}.Release|Any CPU.ActiveCfg = Release|Win32
		{0720617B-A599-4B72-9C7E-03A7A39ED774}.Release|Mixed Platforms.ActiveCfg = Release|Win32
		{0720617B-A599-4B72-9C7E-03A7A39ED774}.Release|Mixed Platforms.Build.0 = Release|Win32
		{0720617B-A599-4B72-9C7E-03A7A39ED774}.Release|Win32.ActiveCfg = Release|Win32
		{0720617B-A599-4B72-9C7E-03A7A39ED774}.Release|Win32.Build.0 = Release|Win32
		{6533BDAE-0F0C-45E4-8FE7-ADD0F37FE063}.Debug|Any CPU.ActiveCfg = Debug|Win32
		{6533BDAE-0F0C-45E4-8FE7-ADD0F37FE063}.Debug|Mixed Platforms.ActiveCfg = Debug|Win32
		{6533BDAE-0F0C-45E4-8FE7-ADD0F37FE063}.Debug|Mixed Platforms.Build.0 = Debug|Win32
		{6533BDAE-0F0C-45E4-8FE7-ADD0F37FE063}.Debug|Win32.ActiveCfg = Debug|Win32
		{6533BDAE-0F0C-45E4-8FE7-ADD0F37FE063}.Debug|Win32.Build.0 = Debug|Win32
		{6533BDAE-0F0C-45E4-8FE7-ADD0F37FE063}.Release|Any CPU.ActiveCfg = Release|Win32
		{6533BDAE-0F0C-45E4-8FE7-ADD0F37FE063}.Release|Mixed Platforms.ActiveCfg = Release|Win32
		{6533BDAE-0F0C-45E4-8FE7-ADD0F37FE063}.Release|Mixed Platforms.Build.0 = Release|Win32
		{6533BDAE-0F0C-45E4-8FE7-ADD0F37FE063}.Release|Win32.ActiveCfg = Release|Win32
		{6533BDAE-0F0C-45E4-8FE7-ADD0F37FE063}.Release|Win32.Build.0 = Release|Win32
		{F078BA68-B214-46E7-AB72-F3B99DF589B2}.Debug|Any CPU.ActiveCfg = Debug|Any CPU
		{F078BA68-B214-46E7-AB72-F3B99DF589B2}.Debug|Any CPU.Build.0 = Debug|Any CPU
		{F078BA68-B214-46E7-AB72-F3B99DF589B2}.Debug|Mixed Platforms.ActiveCfg = Debug|Any CPU
		{F078BA68-B214-46E7-AB72-F3B99DF589B2}.Debug|Mixed Platforms.Build.0 = Debug|Any CPU
		{F078BA68-B214-46E7-AB72-F3B99DF589B2}.Debug|Win32.ActiveCfg = Debug|Any CPU
		{F078BA68-B214-46E7-AB72-F3B99DF589B2}.Release|Any CPU.ActiveCfg = Release|Any CPU
		{F078BA68-B214-46E7-AB72-F3B99DF589B2}.Release|Any CPU.Build.0 = Release|Any CPU
		{F078BA68-B214-46E7-AB72-F3B99DF589B2}.Release|Mixed Platforms.ActiveCfg = Release|Any CPU
		{F078BA68-B214-46E7-AB72-F3B99DF589B2}.Release|Mixed Platforms.Build.0 = Release|Any CPU
		{F078BA68-B214-46E7-AB72-F3B99DF589B2}.Release|Win32.ActiveCfg = Release|Any CPU
		{61AB0487-E5D5-4AB1-AC29-E6174E4FC409}.Debug|Any CPU.ActiveCfg = Debug|Any CPU
		{61AB0487-E5D5-4AB1-AC29-E6174E4FC409}.Debug|Any CPU.Build.0 = Debug|Any CPU
		{61AB0487-E5D5-4AB1-AC29-E6174E4FC409}.Debug|Mixed Platforms.ActiveCfg = Debug|Any CPU
		{61AB0487-E5D5-4AB1-AC29-E6174E4FC409}.Debug|Mixed Platforms.Build.0 = Debug|Any CPU
		{61AB0487-E5D5-4AB1-AC29-E6174E4FC409}.Debug|Win32.ActiveCfg = Debug|Any CPU
		{61AB0487-E5D5-4AB1-AC29-E6174E4FC409}.Release|Any CPU.ActiveCfg = Release|Any CPU
		{61AB0487-E5D5-4AB1-AC29-E6174E4FC409}.Release|Any CPU.Build.0 = Release|Any CPU
		{61AB0487-E5D5-4AB1-AC29-E6174E4FC409}.Release|Mixed Platforms.ActiveCfg = Release|Any CPU
		{61AB0487-E5D5-4AB1-AC29-E6174E4FC409}.Release|Mixed Platforms.Build.0 = Release|Any CPU
		{61AB0487-E5D5-4AB1-AC29-E6174E4FC409}.Release|Win32.ActiveCfg = Release|Any CPU
		{856118C7-5EAE-42E5-9797-7963AF08EC26}.Debug|Any CPU.ActiveCfg = Debug|Any CPU
		{856118C7-5EAE-42E5-9797-7963AF08EC26}.Debug|Any CPU.Build.0 = Debug|Any CPU
		{856118C7-5EAE-42E5-9797-7963AF08EC26}.Debug|Mixed Platforms.ActiveCfg = Debug|Any CPU
		{856118C7-5EAE-42E5-9797-7963AF08EC26}.Debug|Mixed Platforms.Build.0 = Debug|Any CPU
		{856118C7-5EAE-42E5-9797-7963AF08EC26}.Debug|Win32.ActiveCfg = Debug|Any CPU
		{856118C7-5EAE-42E5-9797-7963AF08EC26}.Release|Any CPU.ActiveCfg = Release|Any CPU
		{856118C7-5EAE-42E5-9797-7963AF08EC26}.Release|Any CPU.Build.0 = Release|Any CPU
		{856118C7-5EAE-42E5-9797-7963AF08EC26}.Release|Mixed Platforms.ActiveCfg = Release|Any CPU
		{856118C7-5EAE-42E5-9797-7963AF08EC26}.Release|Mixed Platforms.Build.0 = Release|Any CPU
		{856118C7-5EAE-42E5-9797-7963AF08EC26}.Release|Win32.ActiveCfg = Release|Any CPU
		{10B47480-82FA-474A-A709-48B4C54A78E8}.Debug|Any CPU.ActiveCfg = Debug|Any CPU
		{10B47480-82FA-474A-A709-48B4C54A78E8}.Debug|Any CPU.Build.0 = Debug|Any CPU
		{10B47480-82FA-474A-A709-48B4C54A78E8}.Debug|Mixed Platforms.ActiveCfg = Debug|Any CPU
		{10B47480-82FA-474A-A709-48B4C54A78E8}.Debug|Mixed Platforms.Build.0 = Debug|Any CPU
		{10B47480-82FA-474A-A709-48B4C54A78E8}.Debug|Win32.ActiveCfg = Debug|Any CPU
		{10B47480-82FA-474A-A709-48B4C54A78E8}.Release|Any CPU.ActiveCfg = Release|Any CPU
		{10B47480-82FA-474A-A709-48B4C54A78E8}.Release|Any CPU.Build.0 = Release|Any CPU
		{10B47480-82FA-474A-A709-48B4C54A78E8}.Release|Mixed Platforms.ActiveCfg = Release|Any CPU
		{10B47480-82FA-474A-A709-48B4C54A78E8}.Release|Mixed Platforms.Build.0 = Release|Any CPU
		{10B47480-82FA-474A-A709-48B4C54A78E8}.Release|Win32.ActiveCfg = Release|Any CPU
		{6AE17514-ADBB-4DE3-86CB-0D2F49B5B9D1}.Debug|Any CPU.ActiveCfg = Debug|Any CPU
		{6AE17514-ADBB-4DE3-86CB-0D2F49B5B9D1}.Debug|Any CPU.Build.0 = Debug|Any CPU
		{6AE17514-ADBB-4DE3-86CB-0D2F49B5B9D1}.Debug|Mixed Platforms.ActiveCfg = Debug|Any CPU
		{6AE17514-ADBB-4DE3-86CB-0D2F49B5B9D1}.Debug|Mixed Platforms.Build.0 = Debug|Any CPU
		{6AE17514-ADBB-4DE3-86CB-0D2F49B5B9D1}.Debug|Win32.ActiveCfg = Debug|Any CPU
		{6AE17514-ADBB-4DE3-86CB-0D2F49B5B9D1}.Release|Any CPU.ActiveCfg = Release|Any CPU
		{6AE17514-ADBB-4DE3-86CB-0D2F49B5B9D1}.Release|Any CPU.Build.0 = Release|Any CPU
		{6AE17514-ADBB-4DE3-86CB-0D2F49B5B9D1}.Release|Mixed Platforms.ActiveCfg = Release|Any CPU
		{6AE17514-ADBB-4DE3-86CB-0D2F49B5B9D1}.Release|Mixed Platforms.Build.0 = Release|Any CPU
		{6AE17514-ADBB-4DE3-86CB-0D2F49B5B9D1}.Release|Win32.ActiveCfg = Release|Any CPU
		{3B56908A-E9DD-4242-97AE-6CC2A137BA75}.Debug|Any CPU.ActiveCfg = Debug|Any CPU
		{3B56908A-E9DD-4242-97AE-6CC2A137BA75}.Debug|Any CPU.Build.0 = Debug|Any CPU
		{3B56908A-E9DD-4242-97AE-6CC2A137BA75}.Debug|Mixed Platforms.ActiveCfg = Debug|Any CPU
		{3B56908A-E9DD-4242-97AE-6CC2A137BA75}.Debug|Mixed Platforms.Build.0 = Debug|Any CPU
		{3B56908A-E9DD-4242-97AE-6CC2A137BA75}.Debug|Win32.ActiveCfg = Debug|Any CPU
		{3B56908A-E9DD-4242-97AE-6CC2A137BA75}.Release|Any CPU.ActiveCfg = Release|Any CPU
		{3B56908A-E9DD-4242-97AE-6CC2A137BA75}.Release|Any CPU.Build.0 = Release|Any CPU
		{3B56908A-E9DD-4242-97AE-6CC2A137BA75}.Release|Mixed Platforms.ActiveCfg = Release|Any CPU
		{3B56908A-E9DD-4242-97AE-6CC2A137BA75}.Release|Mixed Platforms.Build.0 = Release|Any CPU
		{3B56908A-E9DD-4242-97AE-6CC2A137BA75}.Release|Win32.ActiveCfg = Release|Any CPU
		{A198123C-1623-40DE-9899-A43FED2B76E1}.Debug|Any CPU.ActiveCfg = Debug|Any CPU
		{A198123C-1623-40DE-9899-A43FED2B76E1}.Debug|Any CPU.Build.0 = Debug|Any CPU
		{A198123C-1623-40DE-9899-A43FED2B76E1}.Debug|Mixed Platforms.ActiveCfg = Debug|Any CPU
		{A198123C-1623-40DE-9899-A43FED2B76E1}.Debug|Mixed Platforms.Build.0 = Debug|Any CPU
		{A198123C-1623-40DE-9899-A43FED2B76E1}.Debug|Win32.ActiveCfg = Debug|Any CPU
		{A198123C-1623-40DE-9899-A43FED2B76E1}.Release|Any CPU.ActiveCfg = Release|Any CPU
		{A198123C-1623-40DE-9899-A43FED2B76E1}.Release|Any CPU.Build.0 = Release|Any CPU
		{A198123C-1623-40DE-9899-A43FED2B76E1}.Release|Mixed Platforms.ActiveCfg = Release|Any CPU
		{A198123C-1623-40DE-9899-A43FED2B76E1}.Release|Mixed Platforms.Build.0 = Release|Any CPU
		{A198123C-1623-40DE-9899-A43FED2B76E1}.Release|Win32.ActiveCfg = Release|Any CPU
		{1EF9AA24-F8F7-4C97-BFE0-7F201063BDBF}.Debug|Any CPU.ActiveCfg = Debug|Any CPU
		{1EF9AA24-F8F7-4C97-BFE0-7F201063BDBF}.Debug|Any CPU.Build.0 = Debug|Any CPU
		{1EF9AA24-F8F7-4C97-BFE0-7F201063BDBF}.Debug|Mixed Platforms.ActiveCfg = Debug|Any CPU
		{1EF9AA24-F8F7-4C97-BFE0-7F201063BDBF}.Debug|Mixed Platforms.Build.0 = Debug|Any CPU
		{1EF9AA24-F8F7-4C97-BFE0-7F201063BDBF}.Debug|Win32.ActiveCfg = Debug|Any CPU
		{1EF9AA24-F8F7-4C97-BFE0-7F201063BDBF}.Release|Any CPU.ActiveCfg = Release|Any CPU
		{1EF9AA24-F8F7-4C97-BFE0-7F201063BDBF}.Release|Any CPU.Build.0 = Release|Any CPU
		{1EF9AA24-F8F7-4C97-BFE0-7F201063BDBF}.Release|Mixed Platforms.ActiveCfg = Release|Any CPU
		{1EF9AA24-F8F7-4C97-BFE0-7F201063BDBF}.Release|Mixed Platforms.Build.0 = Release|Any CPU
		{1EF9AA24-F8F7-4C97-BFE0-7F201063BDBF}.Release|Win32.ActiveCfg = Release|Any CPU
		{005DF0E2-2767-4748-8FFF-9A6A992AFA4B}.Debug|Any CPU.ActiveCfg = Debug|Any CPU
		{005DF0E2-2767-4748-8FFF-9A6A992AFA4B}.Debug|Any CPU.Build.0 = Debug|Any CPU
		{005DF0E2-2767-4748-8FFF-9A6A992AFA4B}.Debug|Mixed Platforms.ActiveCfg = Debug|Any CPU
		{005DF0E2-2767-4748-8FFF-9A6A992AFA4B}.Debug|Mixed Platforms.Build.0 = Debug|Any CPU
		{005DF0E2-2767-4748-8FFF-9A6A992AFA4B}.Debug|Win32.ActiveCfg = Debug|Any CPU
		{005DF0E2-2767-4748-8FFF-9A6A992AFA4B}.Release|Any CPU.ActiveCfg = Release|Any CPU
		{005DF0E2-2767-4748-8FFF-9A6A992AFA4B}.Release|Any CPU.Build.0 = Release|Any CPU
		{005DF0E2-2767-4748-8FFF-9A6A992AFA4B}.Release|Mixed Platforms.ActiveCfg = Release|Any CPU
		{005DF0E2-2767-4748-8FFF-9A6A992AFA4B}.Release|Mixed Platforms.Build.0 = Release|Any CPU
		{005DF0E2-2767-4748-8FFF-9A6A992AFA4B}.Release|Win32.ActiveCfg = Release|Any CPU
		{58C036E6-FAA1-4FA5-8D20-C2B8147A564E}.Debug|Any CPU.ActiveCfg = Debug|Any CPU
		{58C036E6-FAA1-4FA5-8D20-C2B8147A564E}.Debug|Any CPU.Build.0 = Debug|Any CPU
		{58C036E6-FAA1-4FA5-8D20-C2B8147A564E}.Debug|Mixed Platforms.ActiveCfg = Debug|Any CPU
		{58C036E6-FAA1-4FA5-8D20-C2B8147A564E}.Debug|Mixed Platforms.Build.0 = Debug|Any CPU
		{58C036E6-FAA1-4FA5-8D20-C2B8147A564E}.Debug|Win32.ActiveCfg = Debug|Any CPU
		{58C036E6-FAA1-4FA5-8D20-C2B8147A564E}.Release|Any CPU.ActiveCfg = Release|Any CPU
		{58C036E6-FAA1-4FA5-8D20-C2B8147A564E}.Release|Any CPU.Build.0 = Release|Any CPU
		{58C036E6-FAA1-4FA5-8D20-C2B8147A564E}.Release|Mixed Platforms.ActiveCfg = Release|Any CPU
		{58C036E6-FAA1-4FA5-8D20-C2B8147A564E}.Release|Mixed Platforms.Build.0 = Release|Any CPU
		{58C036E6-FAA1-4FA5-8D20-C2B8147A564E}.Release|Win32.ActiveCfg = Release|Any CPU
		{36D7BF78-2B15-4FA5-8309-5A1FA1D2E1E9}.Debug|Any CPU.ActiveCfg = Debug|Any CPU
		{36D7BF78-2B15-4FA5-8309-5A1FA1D2E1E9}.Debug|Any CPU.Build.0 = Debug|Any CPU
		{36D7BF78-2B15-4FA5-8309-5A1FA1D2E1E9}.Debug|Mixed Platforms.ActiveCfg = Debug|Any CPU
		{36D7BF78-2B15-4FA5-8309-5A1FA1D2E1E9}.Debug|Mixed Platforms.Build.0 = Debug|Any CPU
		{36D7BF78-2B15-4FA5-8309-5A1FA1D2E1E9}.Debug|Win32.ActiveCfg = Debug|Any CPU
		{36D7BF78-2B15-4FA5-8309-5A1FA1D2E1E9}.Release|Any CPU.ActiveCfg = Release|Any CPU
		{36D7BF78-2B15-4FA5-8309-5A1FA1D2E1E9}.Release|Any CPU.Build.0 = Release|Any CPU
		{36D7BF78-2B15-4FA5-8309-5A1FA1D2E1E9}.Release|Mixed Platforms.ActiveCfg = Release|Any CPU
		{36D7BF78-2B15-4FA5-8309-5A1FA1D2E1E9}.Release|Mixed Platforms.Build.0 = Release|Any CPU
		{36D7BF78-2B15-4FA5-8309-5A1FA1D2E1E9}.Release|Win32.ActiveCfg = Release|Any CPU
	EndGlobalSection
	GlobalSection(SolutionProperties) = preSolution
		HideSolutionNode = FALSE
	EndGlobalSection
	GlobalSection(NestedProjects) = preSolution
		{61AB0487-E5D5-4AB1-AC29-E6174E4FC409} = {B40BCFE5-9B62-463B-B211-E19B5011EDE1}
		{856118C7-5EAE-42E5-9797-7963AF08EC26} = {B40BCFE5-9B62-463B-B211-E19B5011EDE1}
		{10B47480-82FA-474A-A709-48B4C54A78E8} = {B40BCFE5-9B62-463B-B211-E19B5011EDE1}
		{6AE17514-ADBB-4DE3-86CB-0D2F49B5B9D1} = {B40BCFE5-9B62-463B-B211-E19B5011EDE1}
		{3B56908A-E9DD-4242-97AE-6CC2A137BA75} = {B40BCFE5-9B62-463B-B211-E19B5011EDE1}
		{A198123C-1623-40DE-9899-A43FED2B76E1} = {B40BCFE5-9B62-463B-B211-E19B5011EDE1}
		{1EF9AA24-F8F7-4C97-BFE0-7F201063BDBF} = {B40BCFE5-9B62-463B-B211-E19B5011EDE1}
		{005DF0E2-2767-4748-8FFF-9A6A992AFA4B} = {B40BCFE5-9B62-463B-B211-E19B5011EDE1}
		{58C036E6-FAA1-4FA5-8D20-C2B8147A564E} = {87927BEA-89A6-448F-BDD9-6094FEF4F723}
		{36D7BF78-2B15-4FA5-8309-5A1FA1D2E1E9} = {87927BEA-89A6-448F-BDD9-6094FEF4F723}
	EndGlobalSection
EndGlobal
