
Microsoft Visual Studio Solution File, Format Version 9.00
# Visual Studio 2005
Project("{FAE04EC0-301F-11D3-BF4B-00C04F79EFBC}") = "RakNetDotNet", "RakNetDotNet\RakNetDotNet.csproj", "{F078BA68-B214-46E7-AB72-F3B99DF589B2}"
EndProject
Project("{FAE04EC0-301F-11D3-BF4B-00C04F79EFBC}") = "RakNetDotNetSample", "RakNetDotNetSample\RakNetDotNetSample.csproj", "{C4160298-5D23-4F97-A358-E7FFE8A28E8A}"
EndProject
Project("{FAE04EC0-301F-11D3-BF4B-00C04F79EFBC}") = "StressTest", "StressTest\StressTest.csproj", "{3B56908A-E9DD-4242-97AE-6CC2A137BA75}"
EndProject
Global
	GlobalSection(SolutionConfigurationPlatforms) = preSolution
		Debug|Any CPU = Debug|Any CPU
		Debug|Mixed Platforms = Debug|Mixed Platforms
		Debug|Win32 = Debug|Win32
		Release|Any CPU = Release|Any CPU
		Release|Mixed Platforms = Release|Mixed Platforms
		Release|Win32 = Release|Win32
	EndGlobalSection
	GlobalSection(ProjectConfigurationPlatforms) = postSolution
		{F078BA68-B214-46E7-AB72-F3B99DF589B2}.Debug|Any CPU.ActiveCfg = Debug|Any CPU
		{F078BA68-B214-46E7-AB72-F3B99DF589B2}.Debug|Any CPU.Build.0 = Debug|Any CPU
		{F078BA68-B214-46E7-AB72-F3B99DF589B2}.Debug|Mixed Platforms.ActiveCfg = Debug|Any CPU
		{F078BA68-B214-46E7-AB72-F3B99DF589B2}.Debug|Mixed Platforms.Build.0 = Debug|Any CPU
		{F078BA68-B214-46E7-AB72-F3B99DF589B2}.Debug|Win32.ActiveCfg = Debug|Any CPU
		{F078BA68-B214-46E7-AB72-F3B99DF589B2}.Release|Any CPU.ActiveCfg = Release|Any CPU
		{F078BA68-B214-46E7-AB72-F3B99DF589B2}.Release|Any CPU.Build.0 = Release|Any CPU
		{F078BA68-B214-46E7-AB72-F3B99DF589B2}.Release|Mixed Platforms.ActiveCfg = Release|Any CPU
		{F078BA68-B214-46E7-AB72-F3B99DF589B2}.Release|Mixed Platforms.Build.0 = Release|Any CPU
		{F078BA68-B214-46E7-AB72-F3B99DF589B2}.Release|Win32.ActiveCfg = Release|Any CPU
		{C4160298-5D23-4F97-A358-E7FFE8A28E8A}.Debug|Any CPU.ActiveCfg = Debug|Any CPU
		{C4160298-5D23-4F97-A358-E7FFE8A28E8A}.Debug|Any CPU.Build.0 = Debug|Any CPU
		{C4160298-5D23-4F97-A358-E7FFE8A28E8A}.Debug|Mixed Platforms.ActiveCfg = Debug|Any CPU
		{C4160298-5D23-4F97-A358-E7FFE8A28E8A}.Debug|Mixed Platforms.Build.0 = Debug|Any CPU
		{C4160298-5D23-4F97-A358-E7FFE8A28E8A}.Debug|Win32.ActiveCfg = Debug|Any CPU
		{C4160298-5D23-4F97-A358-E7FFE8A28E8A}.Release|Any CPU.ActiveCfg = Release|Any CPU
		{C4160298-5D23-4F97-A358-E7FFE8A28E8A}.Release|Any CPU.Build.0 = Release|Any CPU
		{C4160298-5D23-4F97-A358-E7FFE8A28E8A}.Release|Mixed Platforms.ActiveCfg = Release|Any CPU
		{C4160298-5D23-4F97-A358-E7FFE8A28E8A}.Release|Mixed Platforms.Build.0 = Release|Any CPU
		{C4160298-5D23-4F97-A358-E7FFE8A28E8A}.Release|Win32.ActiveCfg = Release|Any CPU
		{3B56908A-E9DD-4242-97AE-6CC2A137BA75}.Debug|Any CPU.ActiveCfg = Debug|Any CPU
		{3B56908A-E9DD-4242-97AE-6CC2A137BA75}.Debug|Any CPU.Build.0 = Debug|Any CPU
		{3B56908A-E9DD-4242-97AE-6CC2A137BA75}.Debug|Mixed Platforms.ActiveCfg = Debug|Any CPU
		{3B56908A-E9DD-4242-97AE-6CC2A137BA75}.Debug|Mixed Platforms.Build.0 = Debug|Any CPU
		{3B56908A-E9DD-4242-97AE-6CC2A137BA75}.Debug|Win32.ActiveCfg = Debug|Any CPU
		{3B56908A-E9DD-4242-97AE-6CC2A137BA75}.Release|Any CPU.ActiveCfg = Release|Any CPU
		{3B56908A-E9DD-4242-97AE-6CC2A137BA75}.Release|Any CPU.Build.0 = Release|Any CPU
		{3B56908A-E9DD-4242-97AE-6CC2A137BA75}.Release|Mixed Platforms.ActiveCfg = Release|Any CPU
		{3B56908A-E9DD-4242-97AE-6CC2A137BA75}.Release|Mixed Platforms.Build.0 = Release|Any CPU
		{3B56908A-E9DD-4242-97AE-6CC2A137BA75}.Release|Win32.ActiveCfg = Release|Any CPU
	EndGlobalSection
	GlobalSection(SolutionProperties) = preSolution
		HideSolutionNode = FALSE
	EndGlobalSection
EndGlobal
